
Microsoft Visual Studio Solution File, Format Version 12.00
# Visual Studio Version 16
VisualStudioVersion = 16.0.33130.400
MinimumVisualStudioVersion = 10.0.40219.1
Project("{FAE04EC0-301F-11D3-BF4B-00C04F79EFBC}") = "pract16_3_sepselev", "pract16_3_sepselev.csproj", "{9F9794DD-1BC7-47FF-9686-6261AA2DAC94}"
EndProject
Global
	GlobalSection(SolutionConfigurationPlatforms) = preSolution
		Debug|Any CPU = Debug|Any CPU
		Release|Any CPU = Release|Any CPU
	EndGlobalSection
	GlobalSection(ProjectConfigurationPlatforms) = postSolution
		{9F9794DD-1BC7-47FF-9686-6261AA2DAC94}.Debug|Any CPU.ActiveCfg = Debug|Any CPU
		{9F9794DD-1BC7-47FF-9686-6261AA2DAC94}.Debug|Any CPU.Build.0 = Debug|Any CPU
		{9F9794DD-1BC7-47FF-9686-6261AA2DAC94}.Release|Any CPU.ActiveCfg = Release|Any CPU
		{9F9794DD-1BC7-47FF-9686-6261AA2DAC94}.Release|Any CPU.Build.0 = Release|Any CPU
	EndGlobalSection
	GlobalSection(SolutionProperties) = preSolution
		HideSolutionNode = FALSE
	EndGlobalSection
	GlobalSection(ExtensibilityGlobals) = postSolution
		SolutionGuid = {932CC572-47F1-468C-A4CA-10E485A11C0E}
	EndGlobalSection
EndGlobal
